
Microsoft Visual Studio Solution File, Format Version 12.00
# Visual Studio Version 17
VisualStudioVersion = 17.2.32616.157
MinimumVisualStudioVersion = 10.0.40219.1
Project("{9A19103F-16F7-4668-BE54-9A1E7A4F7556}") = "EFReflectionTableCopy", "ConsoleApp6\EFReflectionTableCopy.csproj", "{2CDE417F-2560-4F30-A859-505E81725E8A}"
EndProject
Global
	GlobalSection(SolutionConfigurationPlatforms) = preSolution
		Debug|Any CPU = Debug|Any CPU
		Release|Any CPU = Release|Any CPU
	EndGlobalSection
	GlobalSection(ProjectConfigurationPlatforms) = postSolution
		{2CDE417F-2560-4F30-A859-505E81725E8A}.Debug|Any CPU.ActiveCfg = Debug|Any CPU
		{2CDE417F-2560-4F30-A859-505E81725E8A}.Debug|Any CPU.Build.0 = Debug|Any CPU
		{2CDE417F-2560-4F30-A859-505E81725E8A}.Release|Any CPU.ActiveCfg = Release|Any CPU
		{2CDE417F-2560-4F30-A859-505E81725E8A}.Release|Any CPU.Build.0 = Release|Any CPU
	EndGlobalSection
	GlobalSection(SolutionProperties) = preSolution
		HideSolutionNode = FALSE
	EndGlobalSection
	GlobalSection(ExtensibilityGlobals) = postSolution
		SolutionGuid = {D8ED31C1-D5B1-4B5C-B424-A8FC716F4341}
	EndGlobalSection
EndGlobal
